// !$*UTF8*$!
{
	archiveVersion = 1;
	classes = {
	};
	objectVersion = 56;
	objects = {

/* Begin PBXBuildFile section */
		ACA0B0EFA75744DDB09A6BBC = {isa = PBXBuildFile; fileRef = 22C07205DD8C4BB5B1A3C004; };
		72B0487A1032489DA9884344 = {isa = PBXBuildFile; fileRef = EA391D7C21D34D5F96010897; };
		4E4E58D8B63A400EBF6B3911 = {isa = PBXBuildFile; fileRef = 384A3AF39EE14F7B876EE1DD; };
		759310C3F5FD4E568581D7D8 = {isa = PBXBuildFile; fileRef = AC3008E5876841248D26A792; };
		DF11DF41D8ED41F8BDE51963 = {isa = PBXBuildFile; fileRef = 9BB1A97F0C93488BA6F018B5; };
		D58C072435624568A34F5657 = {isa = PBXBuildFile; fileRef = 7E1AC73F79D94FCF9855E1D2; };
		A6C23295C51342F3BEFEC03C = {isa = PBXBuildFile; fileRef = 707C2E1A3EFF40A9BBB056D2; };
		490A0E3385F2423390499004 = {isa = PBXBuildFile; fileRef = 23DF368842704A92AC1812C8; };
		3FA28DF1E47B476EB8E5B29B = {isa = PBXBuildFile; fileRef = B8B77A77F24D4552BC270282; };
		13EAC84078E340B69EE9CD4E = {isa = PBXBuildFile; fileRef = A7A5A124BFFA41F7BEC32E97; };
		F42FCAA5B1FE45F791D2DD7F = {isa = PBXBuildFile; fileRef = 4894BBB19A214B81A1510E4D; };
		12BDC4EA534A43599E5D1249 = {isa = PBXBuildFile; fileRef = A114B3012FC1468FB20B2790; };
		3D574C52871D4CF5B754EC29 = {isa = PBXBuildFile; fileRef = 6E3C40D598874B129B80D6F7; };
		C9EC211A186C493890A5C199 = {isa = PBXBuildFile; fileRef = F0BCA021E83E4DA4B3EEE153; };
		E5D53EF6893448B78B5F2543 = {isa = PBXBuildFile; fileRef = 8603D5BF656B46969887ACB0; };
		F7B4AA5E247C4EAD9061FF4F = {isa = PBXBuildFile; fileRef = EC0FC89D1EFF470587991E16; };
		2AF6331AE39448298A255EA8 = {isa = PBXBuildFile; fileRef = 31ACE4B6622143B69B27F50A; };
		3C8E37757F444A9D8D73B974 = {isa = PBXBuildFile; fileRef = 84DC69AFDBD14C798670629E; };
		5473D5C60A7D48ECBF2E92E3 = {isa = PBXBuildFile; fileRef = A323220BC4F54E0C96BE5A6D; };
		EFA1BAA8F36A4C7B9C2EE629 = {isa = PBXBuildFile; fileRef = D8147E2F998E4B098EE24847; };
		CC1CB0F5DBCA447B81107477 = {isa = PBXBuildFile; fileRef = 085F2BB86E3A4B16A79DB8CE; };
		3CB652E4C8DD478FB781DD25 = {isa = PBXBuildFile; fileRef = 444CE4D9A0BB481CAAE29D30; };
		F7F770F00817450F950FD036 = {isa = PBXBuildFile; fileRef = 3AE6D1C458B64036B0375494; };
		F164E118E403480A9AAB98B9 = {isa = PBXBuildFile; fileRef = 367A26929B844B629803A40A; };
		8B546CFA778C43C7A680EF54 = {isa = PBXBuildFile; fileRef = 229766AC20EE43009B6DAB28; };
		8DB1FB1E78344D2B948AC250 = {isa = PBXBuildFile; fileRef = CAFA590D06D34F3E97532361; };
		8D695F82055B45ADB090AC14 = {isa = PBXBuildFile; fileRef = 5E025FDA4C234B388B9D4E9B; };
		86E4747B8D9A4E9F827669AC = {isa = PBXBuildFile; fileRef = 7BD3D44E7EAB44C1B9DCAACE; };
		C2B8E41662184A578A0FA561 = {isa = PBXBuildFile; fileRef = 0CF1C941518A4E5A8C274605; };
		C0D0E5262B1249339D869495 = {isa = PBXBuildFile; fileRef = 97863192DF2A41A298597E20; };
		9D46E2484F734638A552302D = {isa = PBXBuildFile; fileRef = B5DE180F198A44948CA3EA0E; };
		81F459CC78C74218809B57D7 = {isa = PBXBuildFile; fileRef = 1EBAFF4792B942ADA1F63357; };
		4E3B3957F08846FDBAA40C06 = {isa = PBXBuildFile; fileRef = 2BD868F381ED4109A6413568; };
		216C6FC3388C4C6095007CD7 = {isa = PBXBuildFile; fileRef = A22E50E25A8D4F64B12B0CC2; };
		2E87DC58A78645EBA32CE4FD = {isa = PBXBuildFile; fileRef = 67AABBC79E1E48FE84239851; };
		AFB67B3D4A414C518BF51445 = {isa = PBXBuildFile; fileRef = 5E51ECEF18304B87B01F5C85; };
		F26274265D47432BA97FA772 = {isa = PBXBuildFile; fileRef = ECDE2F2F8A9A4C2AB066B96A; };
		C58FC47F2274468F97FF22FD = {isa = PBXBuildFile; fileRef = B722574230EA495C951D370F; };
		F48B724C7B2943E581BA741D = {isa = PBXBuildFile; fileRef = 0F0DBC4D14F546B884D13ECF; };
		6405FEB4BC724FBE9625E75B = {isa = PBXBuildFile; fileRef = 68F90B5539A044DE83819FBE; };
		795462FF9F0E4A6B9AA3AF6D = {isa = PBXBuildFile; fileRef = 633E63C9EA9B4C4BA3259808; };
		341A319AE3E04DC2A8B9FC18 = {isa = PBXBuildFile; fileRef = 345424255B8A41B494159FF5; };
/* End PBXBuildFile section */

/* Begin PBXFileReference section */
		22C07205DD8C4BB5B1A3C004 = {isa = PBXFileReference; lastKnownFileType = sourcecode.swift; name = "AppDelegate.swift"; path = "App/AppDelegate.swift"; sourceTree = "<group>"; };
		EA391D7C21D34D5F96010897 = {isa = PBXFileReference; lastKnownFileType = sourcecode.swift; name = "StickyBloomApp.swift"; path = "App/StickyBloomApp.swift"; sourceTree = "<group>"; };
		384A3AF39EE14F7B876EE1DD = {isa = PBXFileReference; lastKnownFileType = sourcecode.swift; name = "PlantAnimationController.swift"; path = "PlantAnimation/PlantAnimationController.swift"; sourceTree = "<group>"; };
		AC3008E5876841248D26A792 = {isa = PBXFileReference; lastKnownFileType = sourcecode.swift; name = "PlantShape.swift"; path = "PlantAnimation/PlantShape.swift"; sourceTree = "<group>"; };
		9BB1A97F0C93488BA6F018B5 = {isa = PBXFileReference; lastKnownFileType = sourcecode.swift; name = "PlantStage.swift"; path = "PlantAnimation/PlantStage.swift"; sourceTree = "<group>"; };
		7E1AC73F79D94FCF9855E1D2 = {isa = PBXFileReference; lastKnownFileType = sourcecode.swift; name = "AppState.swift"; path = "Models/AppState.swift"; sourceTree = "<group>"; };
		707C2E1A3EFF40A9BBB056D2 = {isa = PBXFileReference; lastKnownFileType = sourcecode.swift; name = "DashboardSettingsModel.swift"; path = "Models/DashboardSettingsModel.swift"; sourceTree = "<group>"; };
		23DF368842704A92AC1812C8 = {isa = PBXFileReference; lastKnownFileType = sourcecode.swift; name = "MentionLink.swift"; path = "Models/MentionLink.swift"; sourceTree = "<group>"; };
		B8B77A77F24D4552BC270282 = {isa = PBXFileReference; lastKnownFileType = sourcecode.swift; name = "ProjectModel.swift"; path = "Models/ProjectModel.swift"; sourceTree = "<group>"; };
		A7A5A124BFFA41F7BEC32E97 = {isa = PBXFileReference; lastKnownFileType = sourcecode.swift; name = "StickyNoteModel.swift"; path = "Models/StickyNoteModel.swift"; sourceTree = "<group>"; };
		4894BBB19A214B81A1510E4D = {isa = PBXFileReference; lastKnownFileType = sourcecode.swift; name = "StickyTransfer.swift"; path = "Models/StickyTransfer.swift"; sourceTree = "<group>"; };
		A114B3012FC1468FB20B2790 = {isa = PBXFileReference; lastKnownFileType = sourcecode.swift; name = "AddProjectWindowController.swift"; path = "Dashboard/AddProjectWindowController.swift"; sourceTree = "<group>"; };
		6E3C40D598874B129B80D6F7 = {isa = PBXFileReference; lastKnownFileType = sourcecode.swift; name = "ClockView.swift"; path = "Dashboard/ClockView.swift"; sourceTree = "<group>"; };
		F0BCA021E83E4DA4B3EEE153 = {isa = PBXFileReference; lastKnownFileType = sourcecode.swift; name = "DashboardPanel.swift"; path = "Dashboard/DashboardPanel.swift"; sourceTree = "<group>"; };
		8603D5BF656B46969887ACB0 = {isa = PBXFileReference; lastKnownFileType = sourcecode.swift; name = "DashboardSettingsView.swift"; path = "Dashboard/DashboardSettingsView.swift"; sourceTree = "<group>"; };
		EC0FC89D1EFF470587991E16 = {isa = PBXFileReference; lastKnownFileType = sourcecode.swift; name = "DashboardView.swift"; path = "Dashboard/DashboardView.swift"; sourceTree = "<group>"; };
		31ACE4B6622143B69B27F50A = {isa = PBXFileReference; lastKnownFileType = sourcecode.swift; name = "LocationView.swift"; path = "Dashboard/LocationView.swift"; sourceTree = "<group>"; };
		84DC69AFDBD14C798670629E = {isa = PBXFileReference; lastKnownFileType = sourcecode.swift; name = "NoteRowView.swift"; path = "Dashboard/NoteRowView.swift"; sourceTree = "<group>"; };
		A323220BC4F54E0C96BE5A6D = {isa = PBXFileReference; lastKnownFileType = sourcecode.swift; name = "NotesListView.swift"; path = "Dashboard/NotesListView.swift"; sourceTree = "<group>"; };
		D8147E2F998E4B098EE24847 = {isa = PBXFileReference; lastKnownFileType = sourcecode.swift; name = "PlantAnimationView.swift"; path = "Dashboard/PlantAnimationView.swift"; sourceTree = "<group>"; };
		085F2BB86E3A4B16A79DB8CE = {isa = PBXFileReference; lastKnownFileType = sourcecode.swift; name = "ProjectRowView.swift"; path = "Dashboard/ProjectRowView.swift"; sourceTree = "<group>"; };
		444CE4D9A0BB481CAAE29D30 = {isa = PBXFileReference; lastKnownFileType = sourcecode.swift; name = "SecondTimezonePickerView.swift"; path = "Dashboard/SecondTimezonePickerView.swift"; sourceTree = "<group>"; };
		3AE6D1C458B64036B0375494 = {isa = PBXFileReference; lastKnownFileType = sourcecode.swift; name = "AttributedString+RTF.swift"; path = "Utilities/AttributedString+RTF.swift"; sourceTree = "<group>"; };
		367A26929B844B629803A40A = {isa = PBXFileReference; lastKnownFileType = sourcecode.swift; name = "NSColor+Hex.swift"; path = "Utilities/NSColor+Hex.swift"; sourceTree = "<group>"; };
		229766AC20EE43009B6DAB28 = {isa = PBXFileReference; lastKnownFileType = sourcecode.swift; name = "TimeZone+Display.swift"; path = "Utilities/TimeZone+Display.swift"; sourceTree = "<group>"; };
		CAFA590D06D34F3E97532361 = {isa = PBXFileReference; lastKnownFileType = sourcecode.swift; name = "TitleGenerator.swift"; path = "Utilities/TitleGenerator.swift"; sourceTree = "<group>"; };
		5E025FDA4C234B388B9D4E9B = {isa = PBXFileReference; lastKnownFileType = sourcecode.swift; name = "LocationService.swift"; path = "Services/LocationService.swift"; sourceTree = "<group>"; };
		7BD3D44E7EAB44C1B9DCAACE = {isa = PBXFileReference; lastKnownFileType = sourcecode.swift; name = "PersistenceService.swift"; path = "Services/PersistenceService.swift"; sourceTree = "<group>"; };
		0CF1C941518A4E5A8C274605 = {isa = PBXFileReference; lastKnownFileType = sourcecode.swift; name = "TextFileSyncService.swift"; path = "Services/TextFileSyncService.swift"; sourceTree = "<group>"; };
		97863192DF2A41A298597E20 = {isa = PBXFileReference; lastKnownFileType = sourcecode.swift; name = "WindowManager.swift"; path = "Services/WindowManager.swift"; sourceTree = "<group>"; };
		B5DE180F198A44948CA3EA0E = {isa = PBXFileReference; lastKnownFileType = sourcecode.swift; name = "MentionParser.swift"; path = "Linking/MentionParser.swift"; sourceTree = "<group>"; };
		1EBAFF4792B942ADA1F63357 = {isa = PBXFileReference; lastKnownFileType = sourcecode.swift; name = "MentionPopoverView.swift"; path = "Linking/MentionPopoverView.swift"; sourceTree = "<group>"; };
		2BD868F381ED4109A6413568 = {isa = PBXFileReference; lastKnownFileType = sourcecode.swift; name = "ColorPickerDialogView.swift"; path = "StickyNote/ColorPickerDialogView.swift"; sourceTree = "<group>"; };
		A22E50E25A8D4F64B12B0CC2 = {isa = PBXFileReference; lastKnownFileType = sourcecode.swift; name = "MentionAwareTextView.swift"; path = "StickyNote/MentionAwareTextView.swift"; sourceTree = "<group>"; };
		67AABBC79E1E48FE84239851 = {isa = PBXFileReference; lastKnownFileType = sourcecode.swift; name = "RichTextCoordinator.swift"; path = "StickyNote/RichTextCoordinator.swift"; sourceTree = "<group>"; };
		5E51ECEF18304B87B01F5C85 = {isa = PBXFileReference; lastKnownFileType = sourcecode.swift; name = "RichTextEditor.swift"; path = "StickyNote/RichTextEditor.swift"; sourceTree = "<group>"; };
		ECDE2F2F8A9A4C2AB066B96A = {isa = PBXFileReference; lastKnownFileType = sourcecode.swift; name = "StickyHeaderView.swift"; path = "StickyNote/StickyHeaderView.swift"; sourceTree = "<group>"; };
		B722574230EA495C951D370F = {isa = PBXFileReference; lastKnownFileType = sourcecode.swift; name = "StickyPanel.swift"; path = "StickyNote/StickyPanel.swift"; sourceTree = "<group>"; };
		0F0DBC4D14F546B884D13ECF = {isa = PBXFileReference; lastKnownFileType = sourcecode.swift; name = "StickyToolbarView.swift"; path = "StickyNote/StickyToolbarView.swift"; sourceTree = "<group>"; };
		68F90B5539A044DE83819FBE = {isa = PBXFileReference; lastKnownFileType = sourcecode.swift; name = "StickyView.swift"; path = "StickyNote/StickyView.swift"; sourceTree = "<group>"; };
		633E63C9EA9B4C4BA3259808 = {isa = PBXFileReference; lastKnownFileType = sourcecode.swift; name = "StickyWindowController.swift"; path = "StickyNote/StickyWindowController.swift"; sourceTree = "<group>"; };
		345424255B8A41B494159FF5 = {isa = PBXFileReference; lastKnownFileType = sourcecode.swift; name = "TableInsertView.swift"; path = "StickyNote/TableInsertView.swift"; sourceTree = "<group>"; };
		1556636C3C0B40D997929349 = {isa = PBXFileReference; lastKnownFileType = text.plist.xml; name = "Info.plist"; path = "Info.plist"; sourceTree = "<group>"; };
		BB6A2FDE7F854F71B97B06EB = {isa = PBXFileReference; lastKnownFileType = text.plist.entitlements; name = "StickyBloom.entitlements"; path = "StickyBloom.entitlements"; sourceTree = "<group>"; };
		1D1FDB5510794644991ACC7F = {isa = PBXFileReference; explicitFileType = wrapper.application; includeInIndex = 0; path = StickyBloom.app; sourceTree = BUILT_PRODUCTS_DIR; };
/* End PBXFileReference section */

/* Begin PBXFrameworksBuildPhase section */
		EE9B4BF6DC234A439F934351 = {
			isa = PBXFrameworksBuildPhase;
			buildActionMask = 2147483647;
			files = (
			);
			runOnlyForDeploymentPostprocessing = 0;
		};
/* End PBXFrameworksBuildPhase section */

/* Begin PBXGroup section */
		807DE50A78444A80BD487AB8 = {
			isa = PBXGroup;
			children = (
				22C07205DD8C4BB5B1A3C004,
				EA391D7C21D34D5F96010897,
			);
			name = "App";
			sourceTree = "<group>";
		};
		1E1CF3057D75474FBEBE2996 = {
			isa = PBXGroup;
			children = (
				A114B3012FC1468FB20B2790,
				6E3C40D598874B129B80D6F7,
				F0BCA021E83E4DA4B3EEE153,
				8603D5BF656B46969887ACB0,
				EC0FC89D1EFF470587991E16,
				31ACE4B6622143B69B27F50A,
				84DC69AFDBD14C798670629E,
				A323220BC4F54E0C96BE5A6D,
				D8147E2F998E4B098EE24847,
				085F2BB86E3A4B16A79DB8CE,
				444CE4D9A0BB481CAAE29D30,
			);
			name = "Dashboard";
			sourceTree = "<group>";
		};
		25C5690842354C408BC05F4F = {
			isa = PBXGroup;
			children = (
				B5DE180F198A44948CA3EA0E,
				1EBAFF4792B942ADA1F63357,
			);
			name = "Linking";
			sourceTree = "<group>";
		};
		F344D8DDBBD740D28AA5583C = {
			isa = PBXGroup;
			children = (
				7E1AC73F79D94FCF9855E1D2,
				707C2E1A3EFF40A9BBB056D2,
				23DF368842704A92AC1812C8,
				B8B77A77F24D4552BC270282,
				A7A5A124BFFA41F7BEC32E97,
				4894BBB19A214B81A1510E4D,
			);
			name = "Models";
			sourceTree = "<group>";
		};
		0F41927F4A32440B88CB1E00 = {
			isa = PBXGroup;
			children = (
				384A3AF39EE14F7B876EE1DD,
				AC3008E5876841248D26A792,
				9BB1A97F0C93488BA6F018B5,
			);
			name = "PlantAnimation";
			sourceTree = "<group>";
		};
		2B6BC8FBFC4143BCBE57E191 = {
			isa = PBXGroup;
			children = (
				5E025FDA4C234B388B9D4E9B,
				7BD3D44E7EAB44C1B9DCAACE,
				0CF1C941518A4E5A8C274605,
				97863192DF2A41A298597E20,
			);
			name = "Services";
			sourceTree = "<group>";
		};
		A32D76292AD6451AB345F266 = {
			isa = PBXGroup;
			children = (
				2BD868F381ED4109A6413568,
				A22E50E25A8D4F64B12B0CC2,
				67AABBC79E1E48FE84239851,
				5E51ECEF18304B87B01F5C85,
				ECDE2F2F8A9A4C2AB066B96A,
				B722574230EA495C951D370F,
				0F0DBC4D14F546B884D13ECF,
				68F90B5539A044DE83819FBE,
				633E63C9EA9B4C4BA3259808,
				345424255B8A41B494159FF5,
			);
			name = "StickyNote";
			sourceTree = "<group>";
		};
		0F6C9FB0F5F94E4C8A97FE63 = {
			isa = PBXGroup;
			children = (
				3AE6D1C458B64036B0375494,
				367A26929B844B629803A40A,
				229766AC20EE43009B6DAB28,
				CAFA590D06D34F3E97532361,
			);
			name = "Utilities";
			sourceTree = "<group>";
		};
		9356B9A18949421E8E4222D4 = {
			isa = PBXGroup;
			children = (
				807DE50A78444A80BD487AB8,
				1E1CF3057D75474FBEBE2996,
				25C5690842354C408BC05F4F,
				F344D8DDBBD740D28AA5583C,
				0F41927F4A32440B88CB1E00,
				2B6BC8FBFC4143BCBE57E191,
				A32D76292AD6451AB345F266,
				0F6C9FB0F5F94E4C8A97FE63,
				1556636C3C0B40D997929349,
				BB6A2FDE7F854F71B97B06EB,
			);
			name = "StickyBloom";
			path = "StickyBloom";
			sourceTree = "<group>";
		};
		5533F177397E47A488278247 = {
			isa = PBXGroup;
			children = (
				1D1FDB5510794644991ACC7F,
			);
			name = "Products";
			sourceTree = "<group>";
		};
		1F52E030B7F3443AA5DA91C6 = {
			isa = PBXGroup;
			children = (
				9356B9A18949421E8E4222D4,
				5533F177397E47A488278247,
			);
			sourceTree = "<group>";
		};
/* End PBXGroup section */

/* Begin PBXNativeTarget section */
		43B7C9C200654F7DBD12D086 = {
			isa = PBXNativeTarget;
			buildConfigurationList = EAC3240C30A0457385C5A9A3;
			buildPhases = (
				1F1DDFEC629343D59E81665F,
				EE9B4BF6DC234A439F934351,
				9CAE47C651024DBDA100AE63,
			);
			buildRules = (
			);
			dependencies = (
			);
			name = StickyBloom;
			productName = StickyBloom;
			productReference = 1D1FDB5510794644991ACC7F;
			productType = "com.apple.product-type.application";
		};
/* End PBXNativeTarget section */

/* Begin PBXProject section */
		822E6A6D415747BA961F9F59 = {
			isa = PBXProject;
			attributes = {
				LastUpgradeCheck = 1500;
				TargetAttributes = {
					43B7C9C200654F7DBD12D086 = {
						CreatedOnToolsVersion = 15.0;
					};
				};
			};
			buildConfigurationList = 3EE2BD3A30D74A5EA1159016;
			compatibilityVersion = "Xcode 14.0";
			developmentRegion = en;
			hasScannedForEncodings = 0;
			knownRegions = (
				en,
				Base,
			);
			mainGroup = 1F52E030B7F3443AA5DA91C6;
			productRefGroup = 5533F177397E47A488278247;
			projectDirPath = "";
			projectRoot = "";
			targets = (
				43B7C9C200654F7DBD12D086,
			);
		};
/* End PBXProject section */

/* Begin PBXResourcesBuildPhase section */
		9CAE47C651024DBDA100AE63 = {
			isa = PBXResourcesBuildPhase;
			buildActionMask = 2147483647;
			files = (
			);
			runOnlyForDeploymentPostprocessing = 0;
		};
/* End PBXResourcesBuildPhase section */

/* Begin PBXSourcesBuildPhase section */
		1F1DDFEC629343D59E81665F = {
			isa = PBXSourcesBuildPhase;
			buildActionMask = 2147483647;
			files = (
				ACA0B0EFA75744DDB09A6BBC,
				72B0487A1032489DA9884344,
				4E4E58D8B63A400EBF6B3911,
				759310C3F5FD4E568581D7D8,
				DF11DF41D8ED41F8BDE51963,
				D58C072435624568A34F5657,
				A6C23295C51342F3BEFEC03C,
				490A0E3385F2423390499004,
				3FA28DF1E47B476EB8E5B29B,
				13EAC84078E340B69EE9CD4E,
				F42FCAA5B1FE45F791D2DD7F,
				12BDC4EA534A43599E5D1249,
				3D574C52871D4CF5B754EC29,
				C9EC211A186C493890A5C199,
				E5D53EF6893448B78B5F2543,
				F7B4AA5E247C4EAD9061FF4F,
				2AF6331AE39448298A255EA8,
				3C8E37757F444A9D8D73B974,
				5473D5C60A7D48ECBF2E92E3,
				EFA1BAA8F36A4C7B9C2EE629,
				CC1CB0F5DBCA447B81107477,
				3CB652E4C8DD478FB781DD25,
				F7F770F00817450F950FD036,
				F164E118E403480A9AAB98B9,
				8B546CFA778C43C7A680EF54,
				8DB1FB1E78344D2B948AC250,
				8D695F82055B45ADB090AC14,
				86E4747B8D9A4E9F827669AC,
				C2B8E41662184A578A0FA561,
				C0D0E5262B1249339D869495,
				9D46E2484F734638A552302D,
				81F459CC78C74218809B57D7,
				4E3B3957F08846FDBAA40C06,
				216C6FC3388C4C6095007CD7,
				2E87DC58A78645EBA32CE4FD,
				AFB67B3D4A414C518BF51445,
				F26274265D47432BA97FA772,
				C58FC47F2274468F97FF22FD,
				F48B724C7B2943E581BA741D,
				6405FEB4BC724FBE9625E75B,
				795462FF9F0E4A6B9AA3AF6D,
				341A319AE3E04DC2A8B9FC18,
			);
			runOnlyForDeploymentPostprocessing = 0;
		};
/* End PBXSourcesBuildPhase section */

/* Begin XCBuildConfiguration section */
		4A103AA4B20D438D9EBB4782 = {
			isa = XCBuildConfiguration;
			buildSettings = {
				ALWAYS_SEARCH_USER_PATHS = NO;
				CLANG_ENABLE_MODULES = YES;
				COPY_PHASE_STRIP = NO;
				DEBUG_INFORMATION_FORMAT = dwarf;
				ENABLE_STRICT_OBJC_MSGSEND = YES;
				ENABLE_TESTABILITY = YES;
				GCC_NO_COMMON_BLOCKS = YES;
				MAC_OS_X_VERSION_MIN_REQUIRED = 130000;
				MACOSX_DEPLOYMENT_TARGET = 13.0;
				ONLY_ACTIVE_ARCH = YES;
				SWIFT_ACTIVE_COMPILATION_CONDITIONS = DEBUG;
				SWIFT_OPTIMIZATION_LEVEL = "-Onone";
				SWIFT_VERSION = 5.0;
			};
			name = Debug;
		};
		50743930287D458E92DEA209 = {
			isa = XCBuildConfiguration;
			buildSettings = {
				ALWAYS_SEARCH_USER_PATHS = NO;
				CLANG_ENABLE_MODULES = YES;
				COPY_PHASE_STRIP = NO;
				DEBUG_INFORMATION_FORMAT = "dwarf-with-dsym";
				ENABLE_NS_ASSERTIONS = NO;
				ENABLE_STRICT_OBJC_MSGSEND = YES;
				GCC_NO_COMMON_BLOCKS = YES;
				MAC_OS_X_VERSION_MIN_REQUIRED = 130000;
				MACOSX_DEPLOYMENT_TARGET = 13.0;
				SWIFT_COMPILATION_MODE = wholemodule;
				SWIFT_OPTIMIZATION_LEVEL = "-O";
				SWIFT_VERSION = 5.0;
				VALIDATE_PRODUCT = YES;
			};
			name = Release;
		};
		B8CCC16D5ACC4FDBA14460D4 = {
			isa = XCBuildConfiguration;
			buildSettings = {
				ASSETCATALOG_COMPILER_APPICON_NAME = AppIcon;
				CODE_SIGN_ENTITLEMENTS = StickyBloom/StickyBloom.entitlements;
				CODE_SIGN_STYLE = Automatic;
				COMBINE_HIDPI_IMAGES = YES;
				DEVELOPMENT_TEAM = "";
				ENABLE_HARDENED_RUNTIME = YES;
				INFOPLIST_FILE = StickyBloom/Info.plist;
				LD_RUNPATH_SEARCH_PATHS = "@executable_path/../Frameworks";
				MACOSX_DEPLOYMENT_TARGET = 13.0;
				PRODUCT_BUNDLE_IDENTIFIER = com.ecemozturk.StickyBloom;
				PRODUCT_NAME = "$(TARGET_NAME)";
				SWIFT_VERSION = 5.0;
			};
			name = Debug;
		};
		7DFEEBCC8A61420C8EE65027 = {
			isa = XCBuildConfiguration;
			buildSettings = {
				ASSETCATALOG_COMPILER_APPICON_NAME = AppIcon;
				CODE_SIGN_ENTITLEMENTS = StickyBloom/StickyBloom.entitlements;
				CODE_SIGN_STYLE = Automatic;
				COMBINE_HIDPI_IMAGES = YES;
				DEVELOPMENT_TEAM = "";
				ENABLE_HARDENED_RUNTIME = YES;
				INFOPLIST_FILE = StickyBloom/Info.plist;
				LD_RUNPATH_SEARCH_PATHS = "@executable_path/../Frameworks";
				MACOSX_DEPLOYMENT_TARGET = 13.0;
				PRODUCT_BUNDLE_IDENTIFIER = com.ecemozturk.StickyBloom;
				PRODUCT_NAME = "$(TARGET_NAME)";
				SWIFT_VERSION = 5.0;
			};
			name = Release;
		};
/* End XCBuildConfiguration section */

/* Begin XCConfigurationList section */
		3EE2BD3A30D74A5EA1159016 = {
			isa = XCConfigurationList;
			buildConfigurations = (
				4A103AA4B20D438D9EBB4782,
				50743930287D458E92DEA209,
			);
			defaultConfigurationIsVisible = 0;
			defaultConfigurationName = Release;
		};
		EAC3240C30A0457385C5A9A3 = {
			isa = XCConfigurationList;
			buildConfigurations = (
				B8CCC16D5ACC4FDBA14460D4,
				7DFEEBCC8A61420C8EE65027,
			);
			defaultConfigurationIsVisible = 0;
		};
/* End XCConfigurationList section */

	};
	rootObject = 822E6A6D415747BA961F9F59;
}
