// !$*UTF8*$!
{
	archiveVersion = 1;
	classes = {
	};
	objectVersion = 56;
	objects = {

/* Begin PBXBuildFile section */
		F741B85F0DD34A7DA7BA68BB = {isa = PBXBuildFile; fileRef = D98B7A2F0DCF498DACA5DB90; };
		B22E51A6BBFE4D7A88488277 = {isa = PBXBuildFile; fileRef = DBF3AD87BCE145148261C8B3; };
		A490B2BF13604BCEB24FEBF5 = {isa = PBXBuildFile; fileRef = 18D82745CA9E49D188E1682C; };
		EDB093B0805648069A0DDE5F = {isa = PBXBuildFile; fileRef = D65A11565E864ACEA9D67A5C; };
		F281E20DD99F4E3BA46EC240 = {isa = PBXBuildFile; fileRef = 2CEF0F41CB6749C8A814C7FA; };
		CB5275DFD18F4D47817D5251 = {isa = PBXBuildFile; fileRef = BCBB8453FDB4467792720DE4; };
		EF725772E0A64F38AD8B7F66 = {isa = PBXBuildFile; fileRef = 408B6E2FFDC04587AD5C960F; };
		DB0C2E0D3B744C7EBFEFA74A = {isa = PBXBuildFile; fileRef = 421A19137A684328BC7808DB; };
		07BC8361AFF14C6AA072FE5B = {isa = PBXBuildFile; fileRef = 959A6753B756481D8966166F; };
		B80DF7EF797F4BBF93512ECD = {isa = PBXBuildFile; fileRef = F9AC14A2679D4564AC778678; };
		DF29197084944B80A0D0074A = {isa = PBXBuildFile; fileRef = DDCDBAEE49C542BA9BE2B02F; };
		0A41140993A7439984FCFCA8 = {isa = PBXBuildFile; fileRef = D01BDB4D2349464197328F1B; };
		D57B0A1781A246DAA826FB2E = {isa = PBXBuildFile; fileRef = 6E035A86840847D095F25975; };
		A68F750FFFC749208E85D649 = {isa = PBXBuildFile; fileRef = 1780CA90A5584CE692768E6B; };
		A346C1D286D24916A487FCD1 = {isa = PBXBuildFile; fileRef = F1666DDD5332448D806A0A09; };
		AE61F59DA2AD4A358793A80B = {isa = PBXBuildFile; fileRef = 3577E1D6031049219D88746D; };
		2022E7A020594EB29B1AEF9B = {isa = PBXBuildFile; fileRef = 5150949967A8436FB4D685E1; };
		FD248560FBA94EE3BFF5087F = {isa = PBXBuildFile; fileRef = 94FE736230684ABFBDE7B93C; };
		790BE735CD6C41F0B2FB50E7 = {isa = PBXBuildFile; fileRef = 79B8250448EC42D48191A933; };
		3263B75DB906442DBF81CF5E = {isa = PBXBuildFile; fileRef = D9CCEBB3A73B4EDB8167C861; };
		FB15FABB560448EFA65CF796 = {isa = PBXBuildFile; fileRef = 49386E228D8E4934AC27D938; };
		28951ED4DB314087B4ECE701 = {isa = PBXBuildFile; fileRef = 5E3C44A0C0B743A4885E2948; };
		6A6699C3E27047B09E80A9EF = {isa = PBXBuildFile; fileRef = CD4D559FE3594935B3FF1F81; };
		C18A00A2A20841F8AF3BB007 = {isa = PBXBuildFile; fileRef = 5947C7FEEF064488B6AA78B2; };
		7A362BD0BD8B456E8F40BB48 = {isa = PBXBuildFile; fileRef = 4677BA60D36D4FC89AE9F403; };
		BC2C3496DA074D3E94967FA3 = {isa = PBXBuildFile; fileRef = 4876CADB52F54964A024EE36; };
		E87DE262B616463084F5B3AF = {isa = PBXBuildFile; fileRef = 0929BDCA9C9C4B49A82EDAC4; };
		671FB522D81542AB95CEB97B = {isa = PBXBuildFile; fileRef = 9FDABF5CB8C44010A4A72C69; };
		DEBFF8F75FDC47AA81D2C1E4 = {isa = PBXBuildFile; fileRef = 70634D94062A4EB9B9BD378F; };
		3183D3EA4D99441993FFF8CF = {isa = PBXBuildFile; fileRef = 791C32B6584B4B82AD1F2B81; };
		6AF6179FD5734C7C87519FF0 = {isa = PBXBuildFile; fileRef = FFFEAD54823F4139847AFB3A; };
		98F49F2AD2DF4B13897DBCF2 = {isa = PBXBuildFile; fileRef = 650BEF7523F7429AA999E37B; };
		FACFD12B43AA4C7D95AC145E = {isa = PBXBuildFile; fileRef = 70E023C362D54129A1BA8E4F; };
		071A1B9115AB49DDAFB6E6DD = {isa = PBXBuildFile; fileRef = FC7123D02D1D4585A12399AF; };
		0723A739DF814232A70C8C6A = {isa = PBXBuildFile; fileRef = AD63BF76EE1A4AAD9369F926; };
		9279DB5208804B919076B4DF = {isa = PBXBuildFile; fileRef = 350CBF96FAC54B8AAE3151EA; };
		CF080FC682F44A1AA899CEBB = {isa = PBXBuildFile; fileRef = 063EEFF6759E45869694123F; };
		FE709D2EE52B4B6BA1A05B67 = {isa = PBXBuildFile; fileRef = 3987E2C55DDF4FFB996BB3D9; };
		CBF9AF8870B848699B9A4B3F = {isa = PBXBuildFile; fileRef = 2C822E0CFA934274A121FAFF; };
		54E6A5A718DD42379A41CE5F = {isa = PBXBuildFile; fileRef = 727472321DA243859593EFE9; };
		1612FF53728640B49A58B2DB = {isa = PBXBuildFile; fileRef = CF5770CA004A487FAF4182EA; };
		3B5977A0C26140F495EECD68 = {isa = PBXBuildFile; fileRef = 22D2EDC8B4F84B1C9E50AD32; };
/* End PBXBuildFile section */

/* Begin PBXFileReference section */
		D98B7A2F0DCF498DACA5DB90 = {isa = PBXFileReference; lastKnownFileType = sourcecode.swift; name = "AppDelegate.swift"; path = "App/AppDelegate.swift"; sourceTree = "<group>"; };
		DBF3AD87BCE145148261C8B3 = {isa = PBXFileReference; lastKnownFileType = sourcecode.swift; name = "StickyBloomApp.swift"; path = "App/StickyBloomApp.swift"; sourceTree = "<group>"; };
		18D82745CA9E49D188E1682C = {isa = PBXFileReference; lastKnownFileType = sourcecode.swift; name = "PlantAnimationController.swift"; path = "PlantAnimation/PlantAnimationController.swift"; sourceTree = "<group>"; };
		D65A11565E864ACEA9D67A5C = {isa = PBXFileReference; lastKnownFileType = sourcecode.swift; name = "PlantShape.swift"; path = "PlantAnimation/PlantShape.swift"; sourceTree = "<group>"; };
		2CEF0F41CB6749C8A814C7FA = {isa = PBXFileReference; lastKnownFileType = sourcecode.swift; name = "PlantStage.swift"; path = "PlantAnimation/PlantStage.swift"; sourceTree = "<group>"; };
		BCBB8453FDB4467792720DE4 = {isa = PBXFileReference; lastKnownFileType = sourcecode.swift; name = "AppState.swift"; path = "Models/AppState.swift"; sourceTree = "<group>"; };
		408B6E2FFDC04587AD5C960F = {isa = PBXFileReference; lastKnownFileType = sourcecode.swift; name = "DashboardSettingsModel.swift"; path = "Models/DashboardSettingsModel.swift"; sourceTree = "<group>"; };
		421A19137A684328BC7808DB = {isa = PBXFileReference; lastKnownFileType = sourcecode.swift; name = "MentionLink.swift"; path = "Models/MentionLink.swift"; sourceTree = "<group>"; };
		959A6753B756481D8966166F = {isa = PBXFileReference; lastKnownFileType = sourcecode.swift; name = "ProjectModel.swift"; path = "Models/ProjectModel.swift"; sourceTree = "<group>"; };
		F9AC14A2679D4564AC778678 = {isa = PBXFileReference; lastKnownFileType = sourcecode.swift; name = "StickyNoteModel.swift"; path = "Models/StickyNoteModel.swift"; sourceTree = "<group>"; };
		DDCDBAEE49C542BA9BE2B02F = {isa = PBXFileReference; lastKnownFileType = sourcecode.swift; name = "StickyTransfer.swift"; path = "Models/StickyTransfer.swift"; sourceTree = "<group>"; };
		D01BDB4D2349464197328F1B = {isa = PBXFileReference; lastKnownFileType = sourcecode.swift; name = "AddProjectWindowController.swift"; path = "Dashboard/AddProjectWindowController.swift"; sourceTree = "<group>"; };
		6E035A86840847D095F25975 = {isa = PBXFileReference; lastKnownFileType = sourcecode.swift; name = "ClockView.swift"; path = "Dashboard/ClockView.swift"; sourceTree = "<group>"; };
		1780CA90A5584CE692768E6B = {isa = PBXFileReference; lastKnownFileType = sourcecode.swift; name = "DashboardPanel.swift"; path = "Dashboard/DashboardPanel.swift"; sourceTree = "<group>"; };
		F1666DDD5332448D806A0A09 = {isa = PBXFileReference; lastKnownFileType = sourcecode.swift; name = "DashboardSettingsView.swift"; path = "Dashboard/DashboardSettingsView.swift"; sourceTree = "<group>"; };
		3577E1D6031049219D88746D = {isa = PBXFileReference; lastKnownFileType = sourcecode.swift; name = "DashboardView.swift"; path = "Dashboard/DashboardView.swift"; sourceTree = "<group>"; };
		5150949967A8436FB4D685E1 = {isa = PBXFileReference; lastKnownFileType = sourcecode.swift; name = "NoteRowView.swift"; path = "Dashboard/NoteRowView.swift"; sourceTree = "<group>"; };
		94FE736230684ABFBDE7B93C = {isa = PBXFileReference; lastKnownFileType = sourcecode.swift; name = "NotesListView.swift"; path = "Dashboard/NotesListView.swift"; sourceTree = "<group>"; };
		79B8250448EC42D48191A933 = {isa = PBXFileReference; lastKnownFileType = sourcecode.swift; name = "PlantAnimationView.swift"; path = "Dashboard/PlantAnimationView.swift"; sourceTree = "<group>"; };
		D9CCEBB3A73B4EDB8167C861 = {isa = PBXFileReference; lastKnownFileType = sourcecode.swift; name = "ProjectRowView.swift"; path = "Dashboard/ProjectRowView.swift"; sourceTree = "<group>"; };
		49386E228D8E4934AC27D938 = {isa = PBXFileReference; lastKnownFileType = sourcecode.swift; name = "SecondTimezonePickerView.swift"; path = "Dashboard/SecondTimezonePickerView.swift"; sourceTree = "<group>"; };
		5E3C44A0C0B743A4885E2948 = {isa = PBXFileReference; lastKnownFileType = sourcecode.swift; name = "AttributedString+RTF.swift"; path = "Utilities/AttributedString+RTF.swift"; sourceTree = "<group>"; };
		CD4D559FE3594935B3FF1F81 = {isa = PBXFileReference; lastKnownFileType = sourcecode.swift; name = "NSColor+Hex.swift"; path = "Utilities/NSColor+Hex.swift"; sourceTree = "<group>"; };
		5947C7FEEF064488B6AA78B2 = {isa = PBXFileReference; lastKnownFileType = sourcecode.swift; name = "TimeZone+Display.swift"; path = "Utilities/TimeZone+Display.swift"; sourceTree = "<group>"; };
		4677BA60D36D4FC89AE9F403 = {isa = PBXFileReference; lastKnownFileType = sourcecode.swift; name = "TitleGenerator.swift"; path = "Utilities/TitleGenerator.swift"; sourceTree = "<group>"; };
		4876CADB52F54964A024EE36 = {isa = PBXFileReference; lastKnownFileType = sourcecode.swift; name = "LocationService.swift"; path = "Services/LocationService.swift"; sourceTree = "<group>"; };
		0929BDCA9C9C4B49A82EDAC4 = {isa = PBXFileReference; lastKnownFileType = sourcecode.swift; name = "PersistenceService.swift"; path = "Services/PersistenceService.swift"; sourceTree = "<group>"; };
		9FDABF5CB8C44010A4A72C69 = {isa = PBXFileReference; lastKnownFileType = sourcecode.swift; name = "TextFileSyncService.swift"; path = "Services/TextFileSyncService.swift"; sourceTree = "<group>"; };
		70634D94062A4EB9B9BD378F = {isa = PBXFileReference; lastKnownFileType = sourcecode.swift; name = "WindowManager.swift"; path = "Services/WindowManager.swift"; sourceTree = "<group>"; };
		791C32B6584B4B82AD1F2B81 = {isa = PBXFileReference; lastKnownFileType = sourcecode.swift; name = "MentionParser.swift"; path = "Linking/MentionParser.swift"; sourceTree = "<group>"; };
		FFFEAD54823F4139847AFB3A = {isa = PBXFileReference; lastKnownFileType = sourcecode.swift; name = "MentionPopoverView.swift"; path = "Linking/MentionPopoverView.swift"; sourceTree = "<group>"; };
		650BEF7523F7429AA999E37B = {isa = PBXFileReference; lastKnownFileType = sourcecode.swift; name = "ColorPickerDialogView.swift"; path = "StickyNote/ColorPickerDialogView.swift"; sourceTree = "<group>"; };
		70E023C362D54129A1BA8E4F = {isa = PBXFileReference; lastKnownFileType = sourcecode.swift; name = "MentionAwareTextView.swift"; path = "StickyNote/MentionAwareTextView.swift"; sourceTree = "<group>"; };
		FC7123D02D1D4585A12399AF = {isa = PBXFileReference; lastKnownFileType = sourcecode.swift; name = "RichTextCoordinator.swift"; path = "StickyNote/RichTextCoordinator.swift"; sourceTree = "<group>"; };
		AD63BF76EE1A4AAD9369F926 = {isa = PBXFileReference; lastKnownFileType = sourcecode.swift; name = "RichTextEditor.swift"; path = "StickyNote/RichTextEditor.swift"; sourceTree = "<group>"; };
		350CBF96FAC54B8AAE3151EA = {isa = PBXFileReference; lastKnownFileType = sourcecode.swift; name = "StickyHeaderView.swift"; path = "StickyNote/StickyHeaderView.swift"; sourceTree = "<group>"; };
		063EEFF6759E45869694123F = {isa = PBXFileReference; lastKnownFileType = sourcecode.swift; name = "StickyPanel.swift"; path = "StickyNote/StickyPanel.swift"; sourceTree = "<group>"; };
		3987E2C55DDF4FFB996BB3D9 = {isa = PBXFileReference; lastKnownFileType = sourcecode.swift; name = "StickyToolbarView.swift"; path = "StickyNote/StickyToolbarView.swift"; sourceTree = "<group>"; };
		2C822E0CFA934274A121FAFF = {isa = PBXFileReference; lastKnownFileType = sourcecode.swift; name = "StickyView.swift"; path = "StickyNote/StickyView.swift"; sourceTree = "<group>"; };
		727472321DA243859593EFE9 = {isa = PBXFileReference; lastKnownFileType = sourcecode.swift; name = "StickyWindowController.swift"; path = "StickyNote/StickyWindowController.swift"; sourceTree = "<group>"; };
		CF5770CA004A487FAF4182EA = {isa = PBXFileReference; lastKnownFileType = sourcecode.swift; name = "TableInsertView.swift"; path = "StickyNote/TableInsertView.swift"; sourceTree = "<group>"; };
		39769C6741544E94AA018C7E = {isa = PBXFileReference; lastKnownFileType = text.plist.xml; name = "Info.plist"; path = "Info.plist"; sourceTree = "<group>"; };
		E336F0F460C54947A8BB1B50 = {isa = PBXFileReference; lastKnownFileType = text.plist.entitlements; name = "StickyBloom.entitlements"; path = "StickyBloom.entitlements"; sourceTree = "<group>"; };
		22D2EDC8B4F84B1C9E50AD32 = {isa = PBXFileReference; lastKnownFileType = folder.assetcatalog; name = "Assets.xcassets"; path = "Assets.xcassets"; sourceTree = "<group>"; };
		D296136A554242E5BF7745D9 = {isa = PBXFileReference; explicitFileType = wrapper.application; includeInIndex = 0; path = StickyBloom.app; sourceTree = BUILT_PRODUCTS_DIR; };
/* End PBXFileReference section */

/* Begin PBXFrameworksBuildPhase section */
		836E4619E9F1462694ED6223 = {
			isa = PBXFrameworksBuildPhase;
			buildActionMask = 2147483647;
			files = (
			);
			runOnlyForDeploymentPostprocessing = 0;
		};
/* End PBXFrameworksBuildPhase section */

/* Begin PBXGroup section */
		562015E620DF47DE9EBA2320 = {
			isa = PBXGroup;
			children = (
				D98B7A2F0DCF498DACA5DB90,
				DBF3AD87BCE145148261C8B3,
			);
			name = "App";
			sourceTree = "<group>";
		};
		9E4D3D31FBC04DE784E292BC = {
			isa = PBXGroup;
			children = (
				D01BDB4D2349464197328F1B,
				6E035A86840847D095F25975,
				1780CA90A5584CE692768E6B,
				F1666DDD5332448D806A0A09,
				3577E1D6031049219D88746D,
				5150949967A8436FB4D685E1,
				94FE736230684ABFBDE7B93C,
				79B8250448EC42D48191A933,
				D9CCEBB3A73B4EDB8167C861,
				49386E228D8E4934AC27D938,
			);
			name = "Dashboard";
			sourceTree = "<group>";
		};
		23774B9CE5DB437BBAF8A883 = {
			isa = PBXGroup;
			children = (
				791C32B6584B4B82AD1F2B81,
				FFFEAD54823F4139847AFB3A,
			);
			name = "Linking";
			sourceTree = "<group>";
		};
		DE6E0C24C41F4465BC39085C = {
			isa = PBXGroup;
			children = (
				BCBB8453FDB4467792720DE4,
				408B6E2FFDC04587AD5C960F,
				421A19137A684328BC7808DB,
				959A6753B756481D8966166F,
				F9AC14A2679D4564AC778678,
				DDCDBAEE49C542BA9BE2B02F,
			);
			name = "Models";
			sourceTree = "<group>";
		};
		262F4F2B127A47D082042460 = {
			isa = PBXGroup;
			children = (
				18D82745CA9E49D188E1682C,
				D65A11565E864ACEA9D67A5C,
				2CEF0F41CB6749C8A814C7FA,
			);
			name = "PlantAnimation";
			sourceTree = "<group>";
		};
		F947B862FBFD4E5195FE3279 = {
			isa = PBXGroup;
			children = (
				4876CADB52F54964A024EE36,
				0929BDCA9C9C4B49A82EDAC4,
				9FDABF5CB8C44010A4A72C69,
				70634D94062A4EB9B9BD378F,
			);
			name = "Services";
			sourceTree = "<group>";
		};
		D1263EBB773847A28D22DA9F = {
			isa = PBXGroup;
			children = (
				650BEF7523F7429AA999E37B,
				70E023C362D54129A1BA8E4F,
				FC7123D02D1D4585A12399AF,
				AD63BF76EE1A4AAD9369F926,
				350CBF96FAC54B8AAE3151EA,
				063EEFF6759E45869694123F,
				3987E2C55DDF4FFB996BB3D9,
				2C822E0CFA934274A121FAFF,
				727472321DA243859593EFE9,
				CF5770CA004A487FAF4182EA,
			);
			name = "StickyNote";
			sourceTree = "<group>";
		};
		62C517995F1745C38E37C72A = {
			isa = PBXGroup;
			children = (
				5E3C44A0C0B743A4885E2948,
				CD4D559FE3594935B3FF1F81,
				5947C7FEEF064488B6AA78B2,
				4677BA60D36D4FC89AE9F403,
			);
			name = "Utilities";
			sourceTree = "<group>";
		};
		AA967E542E674016BE24586B = {
			isa = PBXGroup;
			children = (
				562015E620DF47DE9EBA2320,
				9E4D3D31FBC04DE784E292BC,
				23774B9CE5DB437BBAF8A883,
				DE6E0C24C41F4465BC39085C,
				262F4F2B127A47D082042460,
				F947B862FBFD4E5195FE3279,
				D1263EBB773847A28D22DA9F,
				62C517995F1745C38E37C72A,
				39769C6741544E94AA018C7E,
				E336F0F460C54947A8BB1B50,
				22D2EDC8B4F84B1C9E50AD32,
			);
			name = "StickyBloom";
			path = "StickyBloom";
			sourceTree = "<group>";
		};
		5F9BC9DE2A4349C99AC7C494 = {
			isa = PBXGroup;
			children = (
				D296136A554242E5BF7745D9,
			);
			name = "Products";
			sourceTree = "<group>";
		};
		5EBF084CE65F4C4FB387080D = {
			isa = PBXGroup;
			children = (
				AA967E542E674016BE24586B,
				5F9BC9DE2A4349C99AC7C494,
			);
			sourceTree = "<group>";
		};
/* End PBXGroup section */

/* Begin PBXNativeTarget section */
		2D0B3198A9934790A5CCCA25 = {
			isa = PBXNativeTarget;
			buildConfigurationList = 83F4FD6A000C46659D11478B;
			buildPhases = (
				3022F77947EE4F6A85B5DACB,
				836E4619E9F1462694ED6223,
				C88D47F8F2B74FAAA4A44911,
			);
			buildRules = (
			);
			dependencies = (
			);
			name = StickyBloom;
			productName = StickyBloom;
			productReference = D296136A554242E5BF7745D9;
			productType = "com.apple.product-type.application";
		};
/* End PBXNativeTarget section */

/* Begin PBXProject section */
		C720082126244F03B764B2B9 = {
			isa = PBXProject;
			attributes = {
				LastUpgradeCheck = 1500;
				TargetAttributes = {
					2D0B3198A9934790A5CCCA25 = {
						CreatedOnToolsVersion = 15.0;
					};
				};
			};
			buildConfigurationList = 1AD07282929A4E7FB9503329;
			compatibilityVersion = "Xcode 14.0";
			developmentRegion = en;
			hasScannedForEncodings = 0;
			knownRegions = (
				en,
				Base,
			);
			mainGroup = 5EBF084CE65F4C4FB387080D;
			productRefGroup = 5F9BC9DE2A4349C99AC7C494;
			projectDirPath = "";
			projectRoot = "";
			targets = (
				2D0B3198A9934790A5CCCA25,
			);
		};
/* End PBXProject section */

/* Begin PBXResourcesBuildPhase section */
		C88D47F8F2B74FAAA4A44911 = {
			isa = PBXResourcesBuildPhase;
			buildActionMask = 2147483647;
			files = (
				3B5977A0C26140F495EECD68,
			);
			runOnlyForDeploymentPostprocessing = 0;
		};
/* End PBXResourcesBuildPhase section */

/* Begin PBXSourcesBuildPhase section */
		3022F77947EE4F6A85B5DACB = {
			isa = PBXSourcesBuildPhase;
			buildActionMask = 2147483647;
			files = (
				F741B85F0DD34A7DA7BA68BB,
				B22E51A6BBFE4D7A88488277,
				A490B2BF13604BCEB24FEBF5,
				EDB093B0805648069A0DDE5F,
				F281E20DD99F4E3BA46EC240,
				CB5275DFD18F4D47817D5251,
				EF725772E0A64F38AD8B7F66,
				DB0C2E0D3B744C7EBFEFA74A,
				07BC8361AFF14C6AA072FE5B,
				B80DF7EF797F4BBF93512ECD,
				DF29197084944B80A0D0074A,
				0A41140993A7439984FCFCA8,
				D57B0A1781A246DAA826FB2E,
				A68F750FFFC749208E85D649,
				A346C1D286D24916A487FCD1,
				AE61F59DA2AD4A358793A80B,
				2022E7A020594EB29B1AEF9B,
				FD248560FBA94EE3BFF5087F,
				790BE735CD6C41F0B2FB50E7,
				3263B75DB906442DBF81CF5E,
				FB15FABB560448EFA65CF796,
				28951ED4DB314087B4ECE701,
				6A6699C3E27047B09E80A9EF,
				C18A00A2A20841F8AF3BB007,
				7A362BD0BD8B456E8F40BB48,
				BC2C3496DA074D3E94967FA3,
				E87DE262B616463084F5B3AF,
				671FB522D81542AB95CEB97B,
				DEBFF8F75FDC47AA81D2C1E4,
				3183D3EA4D99441993FFF8CF,
				6AF6179FD5734C7C87519FF0,
				98F49F2AD2DF4B13897DBCF2,
				FACFD12B43AA4C7D95AC145E,
				071A1B9115AB49DDAFB6E6DD,
				0723A739DF814232A70C8C6A,
				9279DB5208804B919076B4DF,
				CF080FC682F44A1AA899CEBB,
				FE709D2EE52B4B6BA1A05B67,
				CBF9AF8870B848699B9A4B3F,
				54E6A5A718DD42379A41CE5F,
				1612FF53728640B49A58B2DB,
			);
			runOnlyForDeploymentPostprocessing = 0;
		};
/* End PBXSourcesBuildPhase section */

/* Begin XCBuildConfiguration section */
		DDB2A10CA8594082BAFA28CC = {
			isa = XCBuildConfiguration;
			buildSettings = {
				ALWAYS_SEARCH_USER_PATHS = NO;
				CLANG_ENABLE_MODULES = YES;
				COPY_PHASE_STRIP = NO;
				DEBUG_INFORMATION_FORMAT = dwarf;
				ENABLE_STRICT_OBJC_MSGSEND = YES;
				ENABLE_TESTABILITY = YES;
				GCC_NO_COMMON_BLOCKS = YES;
				MAC_OS_X_VERSION_MIN_REQUIRED = 130000;
				MACOSX_DEPLOYMENT_TARGET = 13.0;
				ONLY_ACTIVE_ARCH = YES;
				SWIFT_ACTIVE_COMPILATION_CONDITIONS = DEBUG;
				SWIFT_OPTIMIZATION_LEVEL = "-Onone";
				SWIFT_VERSION = 5.0;
			};
			name = Debug;
		};
		4B3BDEF0ACBE4CA6BB63CE9B = {
			isa = XCBuildConfiguration;
			buildSettings = {
				ALWAYS_SEARCH_USER_PATHS = NO;
				CLANG_ENABLE_MODULES = YES;
				COPY_PHASE_STRIP = NO;
				DEBUG_INFORMATION_FORMAT = "dwarf-with-dsym";
				ENABLE_NS_ASSERTIONS = NO;
				ENABLE_STRICT_OBJC_MSGSEND = YES;
				GCC_NO_COMMON_BLOCKS = YES;
				MAC_OS_X_VERSION_MIN_REQUIRED = 130000;
				MACOSX_DEPLOYMENT_TARGET = 13.0;
				SWIFT_COMPILATION_MODE = wholemodule;
				SWIFT_OPTIMIZATION_LEVEL = "-O";
				SWIFT_VERSION = 5.0;
				VALIDATE_PRODUCT = YES;
			};
			name = Release;
		};
		44B25F2890864EA3AC969A48 = {
			isa = XCBuildConfiguration;
			buildSettings = {
				ASSETCATALOG_COMPILER_APPICON_NAME = AppIcon;
				CODE_SIGN_ENTITLEMENTS = StickyBloom/StickyBloom.entitlements;
				CODE_SIGN_STYLE = Automatic;
				COMBINE_HIDPI_IMAGES = YES;
				DEVELOPMENT_TEAM = "";
				ENABLE_HARDENED_RUNTIME = YES;
				INFOPLIST_FILE = StickyBloom/Info.plist;
				LD_RUNPATH_SEARCH_PATHS = "@executable_path/../Frameworks";
				MACOSX_DEPLOYMENT_TARGET = 13.0;
				PRODUCT_BUNDLE_IDENTIFIER = com.ecemozturk.StickyBloom;
				PRODUCT_NAME = "$(TARGET_NAME)";
				SWIFT_VERSION = 5.0;
			};
			name = Debug;
		};
		502D62DC4F474E9CA2606814 = {
			isa = XCBuildConfiguration;
			buildSettings = {
				ASSETCATALOG_COMPILER_APPICON_NAME = AppIcon;
				CODE_SIGN_ENTITLEMENTS = StickyBloom/StickyBloom.entitlements;
				CODE_SIGN_STYLE = Automatic;
				COMBINE_HIDPI_IMAGES = YES;
				DEVELOPMENT_TEAM = "";
				ENABLE_HARDENED_RUNTIME = YES;
				INFOPLIST_FILE = StickyBloom/Info.plist;
				LD_RUNPATH_SEARCH_PATHS = "@executable_path/../Frameworks";
				MACOSX_DEPLOYMENT_TARGET = 13.0;
				PRODUCT_BUNDLE_IDENTIFIER = com.ecemozturk.StickyBloom;
				PRODUCT_NAME = "$(TARGET_NAME)";
				SWIFT_VERSION = 5.0;
			};
			name = Release;
		};
/* End XCBuildConfiguration section */

/* Begin XCConfigurationList section */
		1AD07282929A4E7FB9503329 = {
			isa = XCConfigurationList;
			buildConfigurations = (
				DDB2A10CA8594082BAFA28CC,
				4B3BDEF0ACBE4CA6BB63CE9B,
			);
			defaultConfigurationIsVisible = 0;
			defaultConfigurationName = Release;
		};
		83F4FD6A000C46659D11478B = {
			isa = XCConfigurationList;
			buildConfigurations = (
				44B25F2890864EA3AC969A48,
				502D62DC4F474E9CA2606814,
			);
			defaultConfigurationIsVisible = 0;
		};
/* End XCConfigurationList section */

	};
	rootObject = C720082126244F03B764B2B9;
}
