// !$*UTF8*$!
{
	archiveVersion = 1;
	classes = {
	};
	objectVersion = 56;
	objects = {

/* Begin PBXBuildFile section */
		58E9A347C28345EEB1AC0B72 = {isa = PBXBuildFile; fileRef = 3DB5A8D6EDE7406EB2DE7D45; };
		2C77318618114BB4A8480B70 = {isa = PBXBuildFile; fileRef = C2C3B9A232B4401AA8E9174D; };
		0697941FD2264847B4DA1D35 = {isa = PBXBuildFile; fileRef = A01B8E82977645B49FA0EC2B; };
		EDA287C5B55F4000AB39B82D = {isa = PBXBuildFile; fileRef = E6EB893490804B97AF181A8F; };
		15EB4034BE0240B299563F62 = {isa = PBXBuildFile; fileRef = 97063580DF884060BDFE4C71; };
		46BD3A440616499AB3CE086F = {isa = PBXBuildFile; fileRef = 5A60B2E1D4E34D298E88ECE5; };
		4ABE88B1F0154646B0BDCA82 = {isa = PBXBuildFile; fileRef = A5A0E9645FD34F8D9C248E4B; };
		C5072264F5D242458C65C584 = {isa = PBXBuildFile; fileRef = 9058B4A62C9449FA948A07D6; };
		F83A46D966D6455CA7331B92 = {isa = PBXBuildFile; fileRef = 3B508D43DD7E4671901F8DD6; };
		92CC7A5168E54512A92DA9E2 = {isa = PBXBuildFile; fileRef = EFEBFC87C27B4D6FB88B9230; };
		C4C6C06DCF4D427EA3C0F60B = {isa = PBXBuildFile; fileRef = 349EC03763644EF88612E40D; };
		58DB4FCBBDED4317AB4C8C02 = {isa = PBXBuildFile; fileRef = 7C922BC8296C47DF899B01EC; };
		426439B49BD34E2DB47F3AC1 = {isa = PBXBuildFile; fileRef = 72BFF3EBC48E4CCAAE54A4B4; };
		BED9A77373C94BD6848B4DE5 = {isa = PBXBuildFile; fileRef = 267569545D3E43AB950EEFFC; };
		2A20B69CCC7B4F5281A88121 = {isa = PBXBuildFile; fileRef = 4616F44666C94BD483FE3643; };
		7908CCA4689B454E9C4B6D3D = {isa = PBXBuildFile; fileRef = 7FF5A338B02E41FD97C4EE75; };
		82A7B7F3927044BFB5C1330B = {isa = PBXBuildFile; fileRef = 0B7FDD6DD37A4ED7A24DD245; };
		C70088AF9A5241928081E43F = {isa = PBXBuildFile; fileRef = 7C353F4A994D48F29102006C; };
		59DEA352415545E282D1BD04 = {isa = PBXBuildFile; fileRef = 1A6A917757104DAA88910BEA; };
		432EF153A0534DF39C10E953 = {isa = PBXBuildFile; fileRef = 03359CDB542948998669800F; };
		B7F892ED442E46D19BB5281E = {isa = PBXBuildFile; fileRef = F2A1E6B7594443AE94FB6676; };
		0B0586C0E3F74565AD00B791 = {isa = PBXBuildFile; fileRef = 88EC5EF77EF94987904A8D8D; };
		642BF5F5B3454A9AA616939F = {isa = PBXBuildFile; fileRef = 36C30331ACA347ADA5CD91C8; };
		97CAB86C626145F69E32DD57 = {isa = PBXBuildFile; fileRef = 251C0AC8E716462E840B48D1; };
		574297756C7D4437A87BE19E = {isa = PBXBuildFile; fileRef = 85956A1A24324BFCB6C2F604; };
		80A71899839E49F483B6D0C4 = {isa = PBXBuildFile; fileRef = 80290615426F4CFF804CFA4D; };
		1D7A40602CEC482F933C1537 = {isa = PBXBuildFile; fileRef = F10F54B64F8644E0895D1829; };
		6256D3340D9344308389419F = {isa = PBXBuildFile; fileRef = A469F82670294D5CBEDC0F68; };
		B7975E9E588B4BCB854749F9 = {isa = PBXBuildFile; fileRef = 07015EF7FA5B4695AD225295; };
		3DF27AE6A6B94F62841F7122 = {isa = PBXBuildFile; fileRef = A3146569B37E4821A6AEDC1C; };
		53E58408C19B4FE99A29084A = {isa = PBXBuildFile; fileRef = 0383144867294E85B71201DC; };
		9E00E6A230C9477798F31133 = {isa = PBXBuildFile; fileRef = 4CE925D1BC0F4421A55BE2BA; };
		6E0AF90E8EA540409BB28AAC = {isa = PBXBuildFile; fileRef = 1D5A71B2E4BC429EBDA067DF; };
		7BB0F30C37E940F0A03576BA = {isa = PBXBuildFile; fileRef = 2B4D0BCBE8284EBC9668A1FD; };
		0098D8DAFF44490A80478DA6 = {isa = PBXBuildFile; fileRef = BCCC1AEF16CC475EBDD70FB8; };
		35503010E7B64D28A43917FA = {isa = PBXBuildFile; fileRef = 9C7972B32DBC469F86F10CA5; };
		00A6A23B509E4A0CA8436A94 = {isa = PBXBuildFile; fileRef = E594149B93624CBC845B4E97; };
		D5CBB396A8A0447F82A49622 = {isa = PBXBuildFile; fileRef = 3B7771053EAB4459821DAD7C; };
		C2E05DB5597D4DF39F2BE081 = {isa = PBXBuildFile; fileRef = 423EFAF6DF6F4449A3D60E7C; };
		B31B11A437724052979F1514 = {isa = PBXBuildFile; fileRef = B9584FADC29C43FFB46D1D58; };
		1BFE0456975C472684B3CF74 = {isa = PBXBuildFile; fileRef = 6F8E3283A35E41158293C52D; };
/* End PBXBuildFile section */

/* Begin PBXFileReference section */
		3DB5A8D6EDE7406EB2DE7D45 = {isa = PBXFileReference; lastKnownFileType = sourcecode.swift; name = "AppDelegate.swift"; path = "App/AppDelegate.swift"; sourceTree = "<group>"; };
		C2C3B9A232B4401AA8E9174D = {isa = PBXFileReference; lastKnownFileType = sourcecode.swift; name = "StickyBloomApp.swift"; path = "App/StickyBloomApp.swift"; sourceTree = "<group>"; };
		A01B8E82977645B49FA0EC2B = {isa = PBXFileReference; lastKnownFileType = sourcecode.swift; name = "PlantAnimationController.swift"; path = "PlantAnimation/PlantAnimationController.swift"; sourceTree = "<group>"; };
		E6EB893490804B97AF181A8F = {isa = PBXFileReference; lastKnownFileType = sourcecode.swift; name = "PlantShape.swift"; path = "PlantAnimation/PlantShape.swift"; sourceTree = "<group>"; };
		97063580DF884060BDFE4C71 = {isa = PBXFileReference; lastKnownFileType = sourcecode.swift; name = "PlantStage.swift"; path = "PlantAnimation/PlantStage.swift"; sourceTree = "<group>"; };
		5A60B2E1D4E34D298E88ECE5 = {isa = PBXFileReference; lastKnownFileType = sourcecode.swift; name = "AppState.swift"; path = "Models/AppState.swift"; sourceTree = "<group>"; };
		A5A0E9645FD34F8D9C248E4B = {isa = PBXFileReference; lastKnownFileType = sourcecode.swift; name = "DashboardSettingsModel.swift"; path = "Models/DashboardSettingsModel.swift"; sourceTree = "<group>"; };
		9058B4A62C9449FA948A07D6 = {isa = PBXFileReference; lastKnownFileType = sourcecode.swift; name = "MentionLink.swift"; path = "Models/MentionLink.swift"; sourceTree = "<group>"; };
		3B508D43DD7E4671901F8DD6 = {isa = PBXFileReference; lastKnownFileType = sourcecode.swift; name = "ProjectModel.swift"; path = "Models/ProjectModel.swift"; sourceTree = "<group>"; };
		EFEBFC87C27B4D6FB88B9230 = {isa = PBXFileReference; lastKnownFileType = sourcecode.swift; name = "StickyNoteModel.swift"; path = "Models/StickyNoteModel.swift"; sourceTree = "<group>"; };
		349EC03763644EF88612E40D = {isa = PBXFileReference; lastKnownFileType = sourcecode.swift; name = "StickyTransfer.swift"; path = "Models/StickyTransfer.swift"; sourceTree = "<group>"; };
		7C922BC8296C47DF899B01EC = {isa = PBXFileReference; lastKnownFileType = sourcecode.swift; name = "AddProjectWindowController.swift"; path = "Dashboard/AddProjectWindowController.swift"; sourceTree = "<group>"; };
		72BFF3EBC48E4CCAAE54A4B4 = {isa = PBXFileReference; lastKnownFileType = sourcecode.swift; name = "ClockView.swift"; path = "Dashboard/ClockView.swift"; sourceTree = "<group>"; };
		267569545D3E43AB950EEFFC = {isa = PBXFileReference; lastKnownFileType = sourcecode.swift; name = "DashboardPanel.swift"; path = "Dashboard/DashboardPanel.swift"; sourceTree = "<group>"; };
		4616F44666C94BD483FE3643 = {isa = PBXFileReference; lastKnownFileType = sourcecode.swift; name = "DashboardSettingsView.swift"; path = "Dashboard/DashboardSettingsView.swift"; sourceTree = "<group>"; };
		7FF5A338B02E41FD97C4EE75 = {isa = PBXFileReference; lastKnownFileType = sourcecode.swift; name = "DashboardView.swift"; path = "Dashboard/DashboardView.swift"; sourceTree = "<group>"; };
		0B7FDD6DD37A4ED7A24DD245 = {isa = PBXFileReference; lastKnownFileType = sourcecode.swift; name = "LocationView.swift"; path = "Dashboard/LocationView.swift"; sourceTree = "<group>"; };
		7C353F4A994D48F29102006C = {isa = PBXFileReference; lastKnownFileType = sourcecode.swift; name = "NoteRowView.swift"; path = "Dashboard/NoteRowView.swift"; sourceTree = "<group>"; };
		1A6A917757104DAA88910BEA = {isa = PBXFileReference; lastKnownFileType = sourcecode.swift; name = "NotesListView.swift"; path = "Dashboard/NotesListView.swift"; sourceTree = "<group>"; };
		03359CDB542948998669800F = {isa = PBXFileReference; lastKnownFileType = sourcecode.swift; name = "PlantAnimationView.swift"; path = "Dashboard/PlantAnimationView.swift"; sourceTree = "<group>"; };
		F2A1E6B7594443AE94FB6676 = {isa = PBXFileReference; lastKnownFileType = sourcecode.swift; name = "ProjectRowView.swift"; path = "Dashboard/ProjectRowView.swift"; sourceTree = "<group>"; };
		88EC5EF77EF94987904A8D8D = {isa = PBXFileReference; lastKnownFileType = sourcecode.swift; name = "SecondTimezonePickerView.swift"; path = "Dashboard/SecondTimezonePickerView.swift"; sourceTree = "<group>"; };
		36C30331ACA347ADA5CD91C8 = {isa = PBXFileReference; lastKnownFileType = sourcecode.swift; name = "AttributedString+RTF.swift"; path = "Utilities/AttributedString+RTF.swift"; sourceTree = "<group>"; };
		251C0AC8E716462E840B48D1 = {isa = PBXFileReference; lastKnownFileType = sourcecode.swift; name = "NSColor+Hex.swift"; path = "Utilities/NSColor+Hex.swift"; sourceTree = "<group>"; };
		85956A1A24324BFCB6C2F604 = {isa = PBXFileReference; lastKnownFileType = sourcecode.swift; name = "TimeZone+Display.swift"; path = "Utilities/TimeZone+Display.swift"; sourceTree = "<group>"; };
		80290615426F4CFF804CFA4D = {isa = PBXFileReference; lastKnownFileType = sourcecode.swift; name = "LocationService.swift"; path = "Services/LocationService.swift"; sourceTree = "<group>"; };
		F10F54B64F8644E0895D1829 = {isa = PBXFileReference; lastKnownFileType = sourcecode.swift; name = "PersistenceService.swift"; path = "Services/PersistenceService.swift"; sourceTree = "<group>"; };
		A469F82670294D5CBEDC0F68 = {isa = PBXFileReference; lastKnownFileType = sourcecode.swift; name = "TextFileSyncService.swift"; path = "Services/TextFileSyncService.swift"; sourceTree = "<group>"; };
		07015EF7FA5B4695AD225295 = {isa = PBXFileReference; lastKnownFileType = sourcecode.swift; name = "WindowManager.swift"; path = "Services/WindowManager.swift"; sourceTree = "<group>"; };
		A3146569B37E4821A6AEDC1C = {isa = PBXFileReference; lastKnownFileType = sourcecode.swift; name = "MentionParser.swift"; path = "Linking/MentionParser.swift"; sourceTree = "<group>"; };
		0383144867294E85B71201DC = {isa = PBXFileReference; lastKnownFileType = sourcecode.swift; name = "MentionPopoverView.swift"; path = "Linking/MentionPopoverView.swift"; sourceTree = "<group>"; };
		4CE925D1BC0F4421A55BE2BA = {isa = PBXFileReference; lastKnownFileType = sourcecode.swift; name = "ColorPickerDialogView.swift"; path = "StickyNote/ColorPickerDialogView.swift"; sourceTree = "<group>"; };
		1D5A71B2E4BC429EBDA067DF = {isa = PBXFileReference; lastKnownFileType = sourcecode.swift; name = "MentionAwareTextView.swift"; path = "StickyNote/MentionAwareTextView.swift"; sourceTree = "<group>"; };
		2B4D0BCBE8284EBC9668A1FD = {isa = PBXFileReference; lastKnownFileType = sourcecode.swift; name = "RichTextCoordinator.swift"; path = "StickyNote/RichTextCoordinator.swift"; sourceTree = "<group>"; };
		BCCC1AEF16CC475EBDD70FB8 = {isa = PBXFileReference; lastKnownFileType = sourcecode.swift; name = "RichTextEditor.swift"; path = "StickyNote/RichTextEditor.swift"; sourceTree = "<group>"; };
		9C7972B32DBC469F86F10CA5 = {isa = PBXFileReference; lastKnownFileType = sourcecode.swift; name = "StickyHeaderView.swift"; path = "StickyNote/StickyHeaderView.swift"; sourceTree = "<group>"; };
		E594149B93624CBC845B4E97 = {isa = PBXFileReference; lastKnownFileType = sourcecode.swift; name = "StickyPanel.swift"; path = "StickyNote/StickyPanel.swift"; sourceTree = "<group>"; };
		3B7771053EAB4459821DAD7C = {isa = PBXFileReference; lastKnownFileType = sourcecode.swift; name = "StickyToolbarView.swift"; path = "StickyNote/StickyToolbarView.swift"; sourceTree = "<group>"; };
		423EFAF6DF6F4449A3D60E7C = {isa = PBXFileReference; lastKnownFileType = sourcecode.swift; name = "StickyView.swift"; path = "StickyNote/StickyView.swift"; sourceTree = "<group>"; };
		B9584FADC29C43FFB46D1D58 = {isa = PBXFileReference; lastKnownFileType = sourcecode.swift; name = "StickyWindowController.swift"; path = "StickyNote/StickyWindowController.swift"; sourceTree = "<group>"; };
		6F8E3283A35E41158293C52D = {isa = PBXFileReference; lastKnownFileType = sourcecode.swift; name = "TableInsertView.swift"; path = "StickyNote/TableInsertView.swift"; sourceTree = "<group>"; };
		74B2B3329F77403BA01741C9 = {isa = PBXFileReference; lastKnownFileType = text.plist.xml; name = "Info.plist"; path = "Info.plist"; sourceTree = "<group>"; };
		BAFCE9F4216A48AAB8DD5F74 = {isa = PBXFileReference; lastKnownFileType = text.plist.entitlements; name = "StickyBloom.entitlements"; path = "StickyBloom.entitlements"; sourceTree = "<group>"; };
		AB3D343374BC4FC681768D83 = {isa = PBXFileReference; explicitFileType = wrapper.application; includeInIndex = 0; path = StickyBloom.app; sourceTree = BUILT_PRODUCTS_DIR; };
/* End PBXFileReference section */

/* Begin PBXFrameworksBuildPhase section */
		E0C42A7F6AC749CCA76C7CE1 = {
			isa = PBXFrameworksBuildPhase;
			buildActionMask = 2147483647;
			files = (
			);
			runOnlyForDeploymentPostprocessing = 0;
		};
/* End PBXFrameworksBuildPhase section */

/* Begin PBXGroup section */
		0CAFA0615AD8410EBFE42C81 = {
			isa = PBXGroup;
			children = (
				3DB5A8D6EDE7406EB2DE7D45,
				C2C3B9A232B4401AA8E9174D,
			);
			name = "App";
			sourceTree = "<group>";
		};
		051C411B5F0B444193C433C0 = {
			isa = PBXGroup;
			children = (
				7C922BC8296C47DF899B01EC,
				72BFF3EBC48E4CCAAE54A4B4,
				267569545D3E43AB950EEFFC,
				4616F44666C94BD483FE3643,
				7FF5A338B02E41FD97C4EE75,
				0B7FDD6DD37A4ED7A24DD245,
				7C353F4A994D48F29102006C,
				1A6A917757104DAA88910BEA,
				03359CDB542948998669800F,
				F2A1E6B7594443AE94FB6676,
				88EC5EF77EF94987904A8D8D,
			);
			name = "Dashboard";
			sourceTree = "<group>";
		};
		52685AA47F834E04BA1A7139 = {
			isa = PBXGroup;
			children = (
				A3146569B37E4821A6AEDC1C,
				0383144867294E85B71201DC,
			);
			name = "Linking";
			sourceTree = "<group>";
		};
		7671FFD9B9284650A5C7BF2E = {
			isa = PBXGroup;
			children = (
				5A60B2E1D4E34D298E88ECE5,
				A5A0E9645FD34F8D9C248E4B,
				9058B4A62C9449FA948A07D6,
				3B508D43DD7E4671901F8DD6,
				EFEBFC87C27B4D6FB88B9230,
				349EC03763644EF88612E40D,
			);
			name = "Models";
			sourceTree = "<group>";
		};
		2C43DF6B587245F8B9547F70 = {
			isa = PBXGroup;
			children = (
				A01B8E82977645B49FA0EC2B,
				E6EB893490804B97AF181A8F,
				97063580DF884060BDFE4C71,
			);
			name = "PlantAnimation";
			sourceTree = "<group>";
		};
		DF55BE68E0DD42EBBD7B0842 = {
			isa = PBXGroup;
			children = (
				80290615426F4CFF804CFA4D,
				F10F54B64F8644E0895D1829,
				A469F82670294D5CBEDC0F68,
				07015EF7FA5B4695AD225295,
			);
			name = "Services";
			sourceTree = "<group>";
		};
		B1F2417C9C644DF7BA5E1293 = {
			isa = PBXGroup;
			children = (
				4CE925D1BC0F4421A55BE2BA,
				1D5A71B2E4BC429EBDA067DF,
				2B4D0BCBE8284EBC9668A1FD,
				BCCC1AEF16CC475EBDD70FB8,
				9C7972B32DBC469F86F10CA5,
				E594149B93624CBC845B4E97,
				3B7771053EAB4459821DAD7C,
				423EFAF6DF6F4449A3D60E7C,
				B9584FADC29C43FFB46D1D58,
				6F8E3283A35E41158293C52D,
			);
			name = "StickyNote";
			sourceTree = "<group>";
		};
		6B4AE16942FE47B49E8332D5 = {
			isa = PBXGroup;
			children = (
				36C30331ACA347ADA5CD91C8,
				251C0AC8E716462E840B48D1,
				85956A1A24324BFCB6C2F604,
			);
			name = "Utilities";
			sourceTree = "<group>";
		};
		F21DD2990AED44B38E3B8438 = {
			isa = PBXGroup;
			children = (
				0CAFA0615AD8410EBFE42C81,
				051C411B5F0B444193C433C0,
				52685AA47F834E04BA1A7139,
				7671FFD9B9284650A5C7BF2E,
				2C43DF6B587245F8B9547F70,
				DF55BE68E0DD42EBBD7B0842,
				B1F2417C9C644DF7BA5E1293,
				6B4AE16942FE47B49E8332D5,
				74B2B3329F77403BA01741C9,
				BAFCE9F4216A48AAB8DD5F74,
			);
			name = "StickyBloom";
			path = "StickyBloom";
			sourceTree = "<group>";
		};
		F7C8091D116F43CF84C23551 = {
			isa = PBXGroup;
			children = (
				AB3D343374BC4FC681768D83,
			);
			name = "Products";
			sourceTree = "<group>";
		};
		094D78908E3E4E82B60CA022 = {
			isa = PBXGroup;
			children = (
				F21DD2990AED44B38E3B8438,
				F7C8091D116F43CF84C23551,
			);
			sourceTree = "<group>";
		};
/* End PBXGroup section */

/* Begin PBXNativeTarget section */
		88E6199449184C31B7C98D6B = {
			isa = PBXNativeTarget;
			buildConfigurationList = E6620459AA48416B8D9F983F;
			buildPhases = (
				0CB41C296E8148119355242E,
				E0C42A7F6AC749CCA76C7CE1,
				538191A706404D08901C4FBA,
			);
			buildRules = (
			);
			dependencies = (
			);
			name = StickyBloom;
			productName = StickyBloom;
			productReference = AB3D343374BC4FC681768D83;
			productType = "com.apple.product-type.application";
		};
/* End PBXNativeTarget section */

/* Begin PBXProject section */
		5229A881872942F6A28CFF83 = {
			isa = PBXProject;
			attributes = {
				LastUpgradeCheck = 1500;
				TargetAttributes = {
					88E6199449184C31B7C98D6B = {
						CreatedOnToolsVersion = 15.0;
					};
				};
			};
			buildConfigurationList = 86503E8AAA094681BFB7B695;
			compatibilityVersion = "Xcode 14.0";
			developmentRegion = en;
			hasScannedForEncodings = 0;
			knownRegions = (
				en,
				Base,
			);
			mainGroup = 094D78908E3E4E82B60CA022;
			productRefGroup = F7C8091D116F43CF84C23551;
			projectDirPath = "";
			projectRoot = "";
			targets = (
				88E6199449184C31B7C98D6B,
			);
		};
/* End PBXProject section */

/* Begin PBXResourcesBuildPhase section */
		538191A706404D08901C4FBA = {
			isa = PBXResourcesBuildPhase;
			buildActionMask = 2147483647;
			files = (
			);
			runOnlyForDeploymentPostprocessing = 0;
		};
/* End PBXResourcesBuildPhase section */

/* Begin PBXSourcesBuildPhase section */
		0CB41C296E8148119355242E = {
			isa = PBXSourcesBuildPhase;
			buildActionMask = 2147483647;
			files = (
				58E9A347C28345EEB1AC0B72,
				2C77318618114BB4A8480B70,
				0697941FD2264847B4DA1D35,
				EDA287C5B55F4000AB39B82D,
				15EB4034BE0240B299563F62,
				46BD3A440616499AB3CE086F,
				4ABE88B1F0154646B0BDCA82,
				C5072264F5D242458C65C584,
				F83A46D966D6455CA7331B92,
				92CC7A5168E54512A92DA9E2,
				C4C6C06DCF4D427EA3C0F60B,
				58DB4FCBBDED4317AB4C8C02,
				426439B49BD34E2DB47F3AC1,
				BED9A77373C94BD6848B4DE5,
				2A20B69CCC7B4F5281A88121,
				7908CCA4689B454E9C4B6D3D,
				82A7B7F3927044BFB5C1330B,
				C70088AF9A5241928081E43F,
				59DEA352415545E282D1BD04,
				432EF153A0534DF39C10E953,
				B7F892ED442E46D19BB5281E,
				0B0586C0E3F74565AD00B791,
				642BF5F5B3454A9AA616939F,
				97CAB86C626145F69E32DD57,
				574297756C7D4437A87BE19E,
				80A71899839E49F483B6D0C4,
				1D7A40602CEC482F933C1537,
				6256D3340D9344308389419F,
				B7975E9E588B4BCB854749F9,
				3DF27AE6A6B94F62841F7122,
				53E58408C19B4FE99A29084A,
				9E00E6A230C9477798F31133,
				6E0AF90E8EA540409BB28AAC,
				7BB0F30C37E940F0A03576BA,
				0098D8DAFF44490A80478DA6,
				35503010E7B64D28A43917FA,
				00A6A23B509E4A0CA8436A94,
				D5CBB396A8A0447F82A49622,
				C2E05DB5597D4DF39F2BE081,
				B31B11A437724052979F1514,
				1BFE0456975C472684B3CF74,
			);
			runOnlyForDeploymentPostprocessing = 0;
		};
/* End PBXSourcesBuildPhase section */

/* Begin XCBuildConfiguration section */
		A65D13FFD6C642698FCF8BC0 = {
			isa = XCBuildConfiguration;
			buildSettings = {
				ALWAYS_SEARCH_USER_PATHS = NO;
				CLANG_ENABLE_MODULES = YES;
				COPY_PHASE_STRIP = NO;
				DEBUG_INFORMATION_FORMAT = dwarf;
				ENABLE_STRICT_OBJC_MSGSEND = YES;
				ENABLE_TESTABILITY = YES;
				GCC_NO_COMMON_BLOCKS = YES;
				MAC_OS_X_VERSION_MIN_REQUIRED = 130000;
				MACOSX_DEPLOYMENT_TARGET = 13.0;
				ONLY_ACTIVE_ARCH = YES;
				SWIFT_ACTIVE_COMPILATION_CONDITIONS = DEBUG;
				SWIFT_OPTIMIZATION_LEVEL = "-Onone";
				SWIFT_VERSION = 5.0;
			};
			name = Debug;
		};
		0ACE5B214ECF4E0C8A0CC739 = {
			isa = XCBuildConfiguration;
			buildSettings = {
				ALWAYS_SEARCH_USER_PATHS = NO;
				CLANG_ENABLE_MODULES = YES;
				COPY_PHASE_STRIP = NO;
				DEBUG_INFORMATION_FORMAT = "dwarf-with-dsym";
				ENABLE_NS_ASSERTIONS = NO;
				ENABLE_STRICT_OBJC_MSGSEND = YES;
				GCC_NO_COMMON_BLOCKS = YES;
				MAC_OS_X_VERSION_MIN_REQUIRED = 130000;
				MACOSX_DEPLOYMENT_TARGET = 13.0;
				SWIFT_COMPILATION_MODE = wholemodule;
				SWIFT_OPTIMIZATION_LEVEL = "-O";
				SWIFT_VERSION = 5.0;
				VALIDATE_PRODUCT = YES;
			};
			name = Release;
		};
		156978B42FF74AFC904499F3 = {
			isa = XCBuildConfiguration;
			buildSettings = {
				ASSETCATALOG_COMPILER_APPICON_NAME = AppIcon;
				CODE_SIGN_ENTITLEMENTS = StickyBloom/StickyBloom.entitlements;
				CODE_SIGN_STYLE = Automatic;
				COMBINE_HIDPI_IMAGES = YES;
				DEVELOPMENT_TEAM = "";
				ENABLE_HARDENED_RUNTIME = YES;
				INFOPLIST_FILE = StickyBloom/Info.plist;
				LD_RUNPATH_SEARCH_PATHS = "@executable_path/../Frameworks";
				MACOSX_DEPLOYMENT_TARGET = 13.0;
				PRODUCT_BUNDLE_IDENTIFIER = com.ecemozturk.StickyBloom;
				PRODUCT_NAME = "$(TARGET_NAME)";
				SWIFT_VERSION = 5.0;
			};
			name = Debug;
		};
		B723F050CAC04F69A8AB95DD = {
			isa = XCBuildConfiguration;
			buildSettings = {
				ASSETCATALOG_COMPILER_APPICON_NAME = AppIcon;
				CODE_SIGN_ENTITLEMENTS = StickyBloom/StickyBloom.entitlements;
				CODE_SIGN_STYLE = Automatic;
				COMBINE_HIDPI_IMAGES = YES;
				DEVELOPMENT_TEAM = "";
				ENABLE_HARDENED_RUNTIME = YES;
				INFOPLIST_FILE = StickyBloom/Info.plist;
				LD_RUNPATH_SEARCH_PATHS = "@executable_path/../Frameworks";
				MACOSX_DEPLOYMENT_TARGET = 13.0;
				PRODUCT_BUNDLE_IDENTIFIER = com.ecemozturk.StickyBloom;
				PRODUCT_NAME = "$(TARGET_NAME)";
				SWIFT_VERSION = 5.0;
			};
			name = Release;
		};
/* End XCBuildConfiguration section */

/* Begin XCConfigurationList section */
		86503E8AAA094681BFB7B695 = {
			isa = XCConfigurationList;
			buildConfigurations = (
				A65D13FFD6C642698FCF8BC0,
				0ACE5B214ECF4E0C8A0CC739,
			);
			defaultConfigurationIsVisible = 0;
			defaultConfigurationName = Release;
		};
		E6620459AA48416B8D9F983F = {
			isa = XCConfigurationList;
			buildConfigurations = (
				156978B42FF74AFC904499F3,
				B723F050CAC04F69A8AB95DD,
			);
			defaultConfigurationIsVisible = 0;
		};
/* End XCConfigurationList section */

	};
	rootObject = 5229A881872942F6A28CFF83;
}
